%{
  "bcrypt_elixir": {:hex, :bcrypt_elixir, "2.2.0", "3df902b81ce7fa8867a2ae30d20a1da6877a2c056bfb116fd0bc8a5f0190cea4", [:make, :mix], [{:comeonin, "~> 5.3", [hex: :comeonin, repo: "hexpm", optional: false]}, {:elixir_make, "~> 0.6", [hex: :elixir_make, repo: "hexpm", optional: false]}], "hexpm", "762be3fcb779f08207531bc6612cca480a338e4b4357abb49f5ce00240a77d1e"},
  "bridge_lmdb": {:hex, :bridge_lmdb, "0.1.1", "345e11cc2af556f43cd850cd5fef0d619395ffdb343636a4470ec6bfd7e22b46", [:mix], [{:rustler, "~> 0.21.0", [hex: :rustler, repo: "hexpm", optional: false]}], "hexpm", "3627586679c0432edc126e8f2abd9ce057bbcae96f906606b84f4eba0dab5990"},
  "brine": {:hex, :brine, "0.2.2", "ab10b381f601794ca4f330da41ed0eb91d5dac5e04ea419f3b5ffbcfb9e484f8", [:mix], [{:dynamic, "~> 0.1.0", [hex: :dynamic, repo: "hexpm", optional: false]}], "hexpm", "750838df8df1e21084ab118c6a37d62520522bb2979f7b116a0297a3583934f8"},
  "comeonin": {:hex, :comeonin, "5.3.1", "7fe612b739c78c9c1a75186ef2d322ce4d25032d119823269d0aa1e2f1e20025", [:mix], [], "hexpm", "d6222483060c17f0977fad1b7401ef0c5863c985a64352755f366aee3799c245"},
  "cowboy": {:hex, :cowboy, "2.7.0", "91ed100138a764355f43316b1d23d7ff6bdb0de4ea618cb5d8677c93a7a2f115", [:rebar3], [{:cowlib, "~> 2.8.0", [hex: :cowlib, repo: "hexpm", optional: false]}, {:ranch, "~> 1.7.1", [hex: :ranch, repo: "hexpm", optional: false]}], "hexpm", "04fd8c6a39edc6aaa9c26123009200fc61f92a3a94f3178c527b70b767c6e605"},
  "cowlib": {:hex, :cowlib, "2.8.0", "fd0ff1787db84ac415b8211573e9a30a3ebe71b5cbff7f720089972b2319c8a4", [:rebar3], [], "hexpm", "79f954a7021b302186a950a32869dbc185523d99d3e44ce430cd1f3289f41ed4"},
  "dynamic": {:hex, :dynamic, "0.1.2", "42b8d36df6c31c9f239c66cca19baab12598cfaf6451e8f8c2a519acfc55ed71", [:mix], [], "hexpm", "bff43d9f5ecba1a0e6d8582da5d4ec433cc654752396b09f978eeb1e0a093ef2"},
  "elixir_make": {:hex, :elixir_make, "0.6.0", "38349f3e29aff4864352084fc736fa7fa0f2995a819a737554f7ebd28b85aaab", [:mix], [], "hexpm", "d522695b93b7f0b4c0fcb2dfe73a6b905b1c301226a5a55cb42e5b14d509e050"},
  "jason": {:hex, :jason, "1.2.1", "12b22825e22f468c02eb3e4b9985f3d0cb8dc40b9bd704730efa11abd2708c44", [:mix], [{:decimal, "~> 1.0", [hex: :decimal, repo: "hexpm", optional: true]}], "hexpm", "b659b8571deedf60f79c5a608e15414085fa141344e2716fbd6988a084b5f993"},
  "ranch": {:hex, :ranch, "1.7.1", "6b1fab51b49196860b733a49c07604465a47bdb78aa10c1c16a3d199f7f8c881", [:rebar3], [], "hexpm", "451d8527787df716d99dc36162fca05934915db0b6141bbdac2ea8d3c7afc7d7"},
  "riptide": {:hex, :riptide, "0.3.1", "614df3621bc6000a1e0d327247f77449976b9afe66452c82fcbfc5da50195f24", [:mix], [{:bridge_lmdb, "~> 0.1.1", [hex: :bridge_lmdb, repo: "hexpm", optional: true]}, {:brine, "~> 0.2.2", [hex: :brine, repo: "hexpm", optional: false]}, {:cowboy, "~> 2.7", [hex: :cowboy, repo: "hexpm", optional: false]}, {:dynamic, "~> 0.1.2", [hex: :dynamic, repo: "hexpm", optional: false]}, {:jason, "~> 1.1", [hex: :jason, repo: "hexpm", optional: false]}, {:postgrex, "~> 0.15.3", [hex: :postgrex, repo: "hexpm", optional: true]}], "hexpm", "973038d41a70666d58d7c84c443374bc89fd2ee84c6d2bef17c92a0a19e3fa0d"},
  "rustler": {:hex, :rustler, "0.21.0", "68cc4fc015d0b9541865ea78e78e9ef2dd91ee4be80bf543fd15791102a45aca", [:mix], [{:toml, "~> 0.5.2", [hex: :toml, repo: "hexpm", optional: false]}], "hexpm", "e5429378c397f37f1091a35593b153aee1925e197c6842d04648d802edb52f80"},
  "toml": {:hex, :toml, "0.5.2", "e471388a8726d1ce51a6b32f864b8228a1eb8edc907a0edf2bb50eab9321b526", [:mix], [], "hexpm", "f1e3dabef71fb510d015fad18c0e05e7c57281001141504c6b69d94e99750a07"},
  "websockex": {:hex, :websockex, "0.4.2", "9a3b7dc25655517ecd3f8ff7109a77fce94956096b942836cdcfbc7c86603ecc", [:mix], [], "hexpm", "803cd76e91544b56f0e655e36790be797fa6436db9224f7c303db9b9df2a3df4"},
}
